
Microsoft Visual Studio Solution File, Format Version 12.00
# Visual Studio Version 17
VisualStudioVersion = 17.14.36127.28 d17.14
MinimumVisualStudioVersion = 10.0.40219.1
Project("{FAE04EC0-301F-11D3-BF4B-00C04F79EFBC}") = "number game", "number game\number game.csproj", "{2141836B-EF7A-493E-A6F5-9A3C2D198874}"
EndProject
Global
	GlobalSection(SolutionConfigurationPlatforms) = preSolution
		Debug|Any CPU = Debug|Any CPU
		Release|Any CPU = Release|Any CPU
	EndGlobalSection
	GlobalSection(ProjectConfigurationPlatforms) = postSolution
		{2141836B-EF7A-493E-A6F5-9A3C2D198874}.Debug|Any CPU.ActiveCfg = Debug|Any CPU
		{2141836B-EF7A-493E-A6F5-9A3C2D198874}.Debug|Any CPU.Build.0 = Debug|Any CPU
		{2141836B-EF7A-493E-A6F5-9A3C2D198874}.Release|Any CPU.ActiveCfg = Release|Any CPU
		{2141836B-EF7A-493E-A6F5-9A3C2D198874}.Release|Any CPU.Build.0 = Release|Any CPU
	EndGlobalSection
	GlobalSection(SolutionProperties) = preSolution
		HideSolutionNode = FALSE
	EndGlobalSection
	GlobalSection(ExtensibilityGlobals) = postSolution
		SolutionGuid = {E5D5580F-CE71-4E67-B9E9-B0E2CFDBE612}
	EndGlobalSection
EndGlobal
